// !$*UTF8*$!
{
	archiveVersion = 1;
	classes = {
	};
	objectVersion = 77;
	objects = {

/* Begin PBXBuildFile section */
		442CF7902DFDBCD900A7E8DC /* Lego in Frameworks */ = {isa = PBXBuildFile; productRef = 442CF78F2DFDBCD900A7E8DC /* Lego */; };
		443354012E0CBF3D00E68A6D /* Routes in Frameworks */ = {isa = PBXBuildFile; productRef = 443354002E0CBF3D00E68A6D /* Routes */; };
		446CEFF42E1AD5A600A10120 /* SearchFeature in Frameworks */ = {isa = PBXBuildFile; productRef = 446CEFF32E1AD5A600A10120 /* SearchFeature */; };
		447F95C42E1610BE0074E647 /* DetailFeature in Frameworks */ = {isa = PBXBuildFile; productRef = 447F95C32E1610BE0074E647 /* DetailFeature */; };
		4494321E2E135948002AC4D0 /* DataModel in Frameworks */ = {isa = PBXBuildFile; productRef = 4494321D2E135948002AC4D0 /* DataModel */; };
		44BE54552E0597840088BE59 /* SignInFeature in Frameworks */ = {isa = PBXBuildFile; productRef = 44BE54542E0597840088BE59 /* SignInFeature */; };
		44BE54582E05BC960088BE59 /* Utils in Frameworks */ = {isa = PBXBuildFile; productRef = 44BE54572E05BC960088BE59 /* Utils */; };
		44BE54652E075AD10088BE59 /* HomeFeature in Frameworks */ = {isa = PBXBuildFile; productRef = 44BE54642E075AD10088BE59 /* HomeFeature */; };
		44E578612E058B2C00C16D91 /* AppSetup in Frameworks */ = {isa = PBXBuildFile; productRef = 44E578602E058B2C00C16D91 /* AppSetup */; };
/* End PBXBuildFile section */

/* Begin PBXFileReference section */
		4422FADB2E1ACB79000479CA /* SearchFeature */ = {isa = PBXFileReference; lastKnownFileType = wrapper; path = SearchFeature; sourceTree = "<group>"; };
		442CF7612DFDBBFA00A7E8DC /* Periscope.app */ = {isa = PBXFileReference; explicitFileType = wrapper.application; includeInIndex = 0; path = Periscope.app; sourceTree = BUILT_PRODUCTS_DIR; };
		442CF78D2DFDBC2400A7E8DC /* Lego */ = {isa = PBXFileReference; lastKnownFileType = wrapper; path = Lego; sourceTree = "<group>"; };
		442CF7912DFDC11500A7E8DC /* Networking */ = {isa = PBXFileReference; lastKnownFileType = wrapper; path = Networking; sourceTree = "<group>"; };
		442CF7932DFDCDA400A7E8DC /* TMDBRepository */ = {isa = PBXFileReference; lastKnownFileType = wrapper; path = TMDBRepository; sourceTree = "<group>"; };
		443353FF2E0CBE0C00E68A6D /* Routes */ = {isa = PBXFileReference; lastKnownFileType = wrapper; path = Routes; sourceTree = "<group>"; };
		447F95C22E15FFEC0074E647 /* DetailFeature */ = {isa = PBXFileReference; lastKnownFileType = wrapper; path = DetailFeature; sourceTree = "<group>"; };
		4494321C2E1357EB002AC4D0 /* DataModel */ = {isa = PBXFileReference; lastKnownFileType = wrapper; path = DataModel; sourceTree = "<group>"; };
		4494321F2E135B97002AC4D0 /* PeriscopeUI */ = {isa = PBXFileReference; lastKnownFileType = wrapper; path = PeriscopeUI; sourceTree = "<group>"; };
		44A5634B2E0596FC00682AEE /* SignInFeature */ = {isa = PBXFileReference; lastKnownFileType = wrapper; path = SignInFeature; sourceTree = "<group>"; };
		44BE54562E05B72F0088BE59 /* Utils */ = {isa = PBXFileReference; lastKnownFileType = wrapper; path = Utils; sourceTree = "<group>"; };
		44BE54632E07485F0088BE59 /* HomeFeature */ = {isa = PBXFileReference; lastKnownFileType = wrapper; path = HomeFeature; sourceTree = "<group>"; };
		44E5785F2E0585CB00C16D91 /* AppSetup */ = {isa = PBXFileReference; lastKnownFileType = wrapper; path = AppSetup; sourceTree = "<group>"; };
/* End PBXFileReference section */

/* Begin PBXFileSystemSynchronizedBuildFileExceptionSet section */
		44609D942E0459E0003DBAC6 /* Exceptions for "Periscope" folder in "Periscope" target */ = {
			isa = PBXFileSystemSynchronizedBuildFileExceptionSet;
			membershipExceptions = (
				Info.plist,
			);
			target = 442CF7602DFDBBFA00A7E8DC /* Periscope */;
		};
/* End PBXFileSystemSynchronizedBuildFileExceptionSet section */

/* Begin PBXFileSystemSynchronizedRootGroup section */
		442CF7632DFDBBFA00A7E8DC /* Periscope */ = {
			isa = PBXFileSystemSynchronizedRootGroup;
			exceptions = (
				44609D942E0459E0003DBAC6 /* Exceptions for "Periscope" folder in "Periscope" target */,
			);
			path = Periscope;
			sourceTree = "<group>";
		};
/* End PBXFileSystemSynchronizedRootGroup section */

/* Begin PBXFrameworksBuildPhase section */
		442CF75E2DFDBBFA00A7E8DC /* Frameworks */ = {
			isa = PBXFrameworksBuildPhase;
			buildActionMask = 2147483647;
			files = (
				443354012E0CBF3D00E68A6D /* Routes in Frameworks */,
				44E578612E058B2C00C16D91 /* AppSetup in Frameworks */,
				446CEFF42E1AD5A600A10120 /* SearchFeature in Frameworks */,
				442CF7902DFDBCD900A7E8DC /* Lego in Frameworks */,
				44BE54652E075AD10088BE59 /* HomeFeature in Frameworks */,
				447F95C42E1610BE0074E647 /* DetailFeature in Frameworks */,
				44BE54582E05BC960088BE59 /* Utils in Frameworks */,
				44BE54552E0597840088BE59 /* SignInFeature in Frameworks */,
				4494321E2E135948002AC4D0 /* DataModel in Frameworks */,
			);
			runOnlyForDeploymentPostprocessing = 0;
		};
/* End PBXFrameworksBuildPhase section */

/* Begin PBXGroup section */
		442CF7582DFDBBFA00A7E8DC = {
			isa = PBXGroup;
			children = (
				4422FADB2E1ACB79000479CA /* SearchFeature */,
				447F95C22E15FFEC0074E647 /* DetailFeature */,
				4494321F2E135B97002AC4D0 /* PeriscopeUI */,
				4494321C2E1357EB002AC4D0 /* DataModel */,
				443353FF2E0CBE0C00E68A6D /* Routes */,
				44BE54632E07485F0088BE59 /* HomeFeature */,
				44BE54562E05B72F0088BE59 /* Utils */,
				44A5634B2E0596FC00682AEE /* SignInFeature */,
				44E5785F2E0585CB00C16D91 /* AppSetup */,
				442CF7932DFDCDA400A7E8DC /* TMDBRepository */,
				442CF7912DFDC11500A7E8DC /* Networking */,
				442CF78D2DFDBC2400A7E8DC /* Lego */,
				442CF7632DFDBBFA00A7E8DC /* Periscope */,
				44609D8C2E04558E003DBAC6 /* Frameworks */,
				442CF7622DFDBBFA00A7E8DC /* Products */,
			);
			sourceTree = "<group>";
		};
		442CF7622DFDBBFA00A7E8DC /* Products */ = {
			isa = PBXGroup;
			children = (
				442CF7612DFDBBFA00A7E8DC /* Periscope.app */,
			);
			name = Products;
			sourceTree = "<group>";
		};
		44609D8C2E04558E003DBAC6 /* Frameworks */ = {
			isa = PBXGroup;
			children = (
			);
			name = Frameworks;
			sourceTree = "<group>";
		};
/* End PBXGroup section */

/* Begin PBXNativeTarget section */
		442CF7602DFDBBFA00A7E8DC /* Periscope */ = {
			isa = PBXNativeTarget;
			buildConfigurationList = 442CF7842DFDBBFB00A7E8DC /* Build configuration list for PBXNativeTarget "Periscope" */;
			buildPhases = (
				442CF75D2DFDBBFA00A7E8DC /* Sources */,
				442CF75E2DFDBBFA00A7E8DC /* Frameworks */,
				442CF75F2DFDBBFA00A7E8DC /* Resources */,
			);
			buildRules = (
			);
			dependencies = (
			);
			fileSystemSynchronizedGroups = (
				442CF7632DFDBBFA00A7E8DC /* Periscope */,
			);
			name = Periscope;
			packageProductDependencies = (
				442CF78F2DFDBCD900A7E8DC /* Lego */,
				44E578602E058B2C00C16D91 /* AppSetup */,
				44BE54542E0597840088BE59 /* SignInFeature */,
				44BE54572E05BC960088BE59 /* Utils */,
				44BE54642E075AD10088BE59 /* HomeFeature */,
				443354002E0CBF3D00E68A6D /* Routes */,
				4494321D2E135948002AC4D0 /* DataModel */,
				447F95C32E1610BE0074E647 /* DetailFeature */,
				446CEFF32E1AD5A600A10120 /* SearchFeature */,
			);
			productName = Periscope;
			productReference = 442CF7612DFDBBFA00A7E8DC /* Periscope.app */;
			productType = "com.apple.product-type.application";
		};
/* End PBXNativeTarget section */

/* Begin PBXProject section */
		442CF7592DFDBBFA00A7E8DC /* Project object */ = {
			isa = PBXProject;
			attributes = {
				BuildIndependentTargetsInParallel = 1;
				LastSwiftUpdateCheck = 2600;
				LastUpgradeCheck = 2600;
				TargetAttributes = {
					442CF7602DFDBBFA00A7E8DC = {
						CreatedOnToolsVersion = 26.0;
					};
				};
			};
			buildConfigurationList = 442CF75C2DFDBBFA00A7E8DC /* Build configuration list for PBXProject "Periscope" */;
			developmentRegion = en;
			hasScannedForEncodings = 0;
			knownRegions = (
				en,
				Base,
			);
			mainGroup = 442CF7582DFDBBFA00A7E8DC;
			minimizedProjectReferenceProxies = 1;
			packageReferences = (
				442CF78E2DFDBCD900A7E8DC /* XCLocalSwiftPackageReference "Lego" */,
			);
			preferredProjectObjectVersion = 77;
			productRefGroup = 442CF7622DFDBBFA00A7E8DC /* Products */;
			projectDirPath = "";
			projectRoot = "";
			targets = (
				442CF7602DFDBBFA00A7E8DC /* Periscope */,
			);
		};
/* End PBXProject section */

/* Begin PBXResourcesBuildPhase section */
		442CF75F2DFDBBFA00A7E8DC /* Resources */ = {
			isa = PBXResourcesBuildPhase;
			buildActionMask = 2147483647;
			files = (
			);
			runOnlyForDeploymentPostprocessing = 0;
		};
/* End PBXResourcesBuildPhase section */

/* Begin PBXSourcesBuildPhase section */
		442CF75D2DFDBBFA00A7E8DC /* Sources */ = {
			isa = PBXSourcesBuildPhase;
			buildActionMask = 2147483647;
			files = (
			);
			runOnlyForDeploymentPostprocessing = 0;
		};
/* End PBXSourcesBuildPhase section */

/* Begin XCBuildConfiguration section */
		442CF7822DFDBBFB00A7E8DC /* Debug */ = {
			isa = XCBuildConfiguration;
			buildSettings = {
				ALWAYS_SEARCH_USER_PATHS = NO;
				ASSETCATALOG_COMPILER_GENERATE_SWIFT_ASSET_SYMBOL_EXTENSIONS = YES;
				CLANG_ANALYZER_NONNULL = YES;
				CLANG_ANALYZER_NUMBER_OBJECT_CONVERSION = YES_AGGRESSIVE;
				CLANG_CXX_LANGUAGE_STANDARD = "gnu++20";
				CLANG_ENABLE_MODULES = YES;
				CLANG_ENABLE_OBJC_ARC = YES;
				CLANG_ENABLE_OBJC_WEAK = YES;
				CLANG_WARN_BLOCK_CAPTURE_AUTORELEASING = YES;
				CLANG_WARN_BOOL_CONVERSION = YES;
				CLANG_WARN_COMMA = YES;
				CLANG_WARN_CONSTANT_CONVERSION = YES;
				CLANG_WARN_DEPRECATED_OBJC_IMPLEMENTATIONS = YES;
				CLANG_WARN_DIRECT_OBJC_ISA_USAGE = YES_ERROR;
				CLANG_WARN_DOCUMENTATION_COMMENTS = YES;
				CLANG_WARN_EMPTY_BODY = YES;
				CLANG_WARN_ENUM_CONVERSION = YES;
				CLANG_WARN_INFINITE_RECURSION = YES;
				CLANG_WARN_INT_CONVERSION = YES;
				CLANG_WARN_NON_LITERAL_NULL_CONVERSION = YES;
				CLANG_WARN_OBJC_IMPLICIT_RETAIN_SELF = YES;
				CLANG_WARN_OBJC_LITERAL_CONVERSION = YES;
				CLANG_WARN_OBJC_ROOT_CLASS = YES_ERROR;
				CLANG_WARN_QUOTED_INCLUDE_IN_FRAMEWORK_HEADER = YES;
				CLANG_WARN_RANGE_LOOP_ANALYSIS = YES;
				CLANG_WARN_STRICT_PROTOTYPES = YES;
				CLANG_WARN_SUSPICIOUS_MOVE = YES;
				CLANG_WARN_UNGUARDED_AVAILABILITY = YES_AGGRESSIVE;
				CLANG_WARN_UNREACHABLE_CODE = YES;
				CLANG_WARN__DUPLICATE_METHOD_MATCH = YES;
				COPY_PHASE_STRIP = NO;
				DEBUG_INFORMATION_FORMAT = dwarf;
				DEVELOPMENT_TEAM = W2MHQ39N9M;
				ENABLE_STRICT_OBJC_MSGSEND = YES;
				ENABLE_TESTABILITY = YES;
				ENABLE_USER_SCRIPT_SANDBOXING = YES;
				GCC_C_LANGUAGE_STANDARD = gnu17;
				GCC_DYNAMIC_NO_PIC = NO;
				GCC_NO_COMMON_BLOCKS = YES;
				GCC_OPTIMIZATION_LEVEL = 0;
				GCC_PREPROCESSOR_DEFINITIONS = (
					"DEBUG=1",
					"$(inherited)",
				);
				GCC_WARN_64_TO_32_BIT_CONVERSION = YES;
				GCC_WARN_ABOUT_RETURN_TYPE = YES_ERROR;
				GCC_WARN_UNDECLARED_SELECTOR = YES;
				GCC_WARN_UNINITIALIZED_AUTOS = YES_AGGRESSIVE;
				GCC_WARN_UNUSED_FUNCTION = YES;
				GCC_WARN_UNUSED_VARIABLE = YES;
				IPHONEOS_DEPLOYMENT_TARGET = 26.0;
				LOCALIZATION_PREFERS_STRING_CATALOGS = YES;
				MTL_ENABLE_DEBUG_INFO = INCLUDE_SOURCE;
				MTL_FAST_MATH = YES;
				ONLY_ACTIVE_ARCH = YES;
				SDKROOT = iphoneos;
				SWIFT_ACTIVE_COMPILATION_CONDITIONS = "DEBUG $(inherited)";
				SWIFT_OPTIMIZATION_LEVEL = "-Onone";
			};
			name = Debug;
		};
		442CF7832DFDBBFB00A7E8DC /* Release */ = {
			isa = XCBuildConfiguration;
			buildSettings = {
				ALWAYS_SEARCH_USER_PATHS = NO;
				ASSETCATALOG_COMPILER_GENERATE_SWIFT_ASSET_SYMBOL_EXTENSIONS = YES;
				CLANG_ANALYZER_NONNULL = YES;
				CLANG_ANALYZER_NUMBER_OBJECT_CONVERSION = YES_AGGRESSIVE;
				CLANG_CXX_LANGUAGE_STANDARD = "gnu++20";
				CLANG_ENABLE_MODULES = YES;
				CLANG_ENABLE_OBJC_ARC = YES;
				CLANG_ENABLE_OBJC_WEAK = YES;
				CLANG_WARN_BLOCK_CAPTURE_AUTORELEASING = YES;
				CLANG_WARN_BOOL_CONVERSION = YES;
				CLANG_WARN_COMMA = YES;
				CLANG_WARN_CONSTANT_CONVERSION = YES;
				CLANG_WARN_DEPRECATED_OBJC_IMPLEMENTATIONS = YES;
				CLANG_WARN_DIRECT_OBJC_ISA_USAGE = YES_ERROR;
				CLANG_WARN_DOCUMENTATION_COMMENTS = YES;
				CLANG_WARN_EMPTY_BODY = YES;
				CLANG_WARN_ENUM_CONVERSION = YES;
				CLANG_WARN_INFINITE_RECURSION = YES;
				CLANG_WARN_INT_CONVERSION = YES;
				CLANG_WARN_NON_LITERAL_NULL_CONVERSION = YES;
				CLANG_WARN_OBJC_IMPLICIT_RETAIN_SELF = YES;
				CLANG_WARN_OBJC_LITERAL_CONVERSION = YES;
				CLANG_WARN_OBJC_ROOT_CLASS = YES_ERROR;
				CLANG_WARN_QUOTED_INCLUDE_IN_FRAMEWORK_HEADER = YES;
				CLANG_WARN_RANGE_LOOP_ANALYSIS = YES;
				CLANG_WARN_STRICT_PROTOTYPES = YES;
				CLANG_WARN_SUSPICIOUS_MOVE = YES;
				CLANG_WARN_UNGUARDED_AVAILABILITY = YES_AGGRESSIVE;
				CLANG_WARN_UNREACHABLE_CODE = YES;
				CLANG_WARN__DUPLICATE_METHOD_MATCH = YES;
				COPY_PHASE_STRIP = NO;
				DEBUG_INFORMATION_FORMAT = "dwarf-with-dsym";
				DEVELOPMENT_TEAM = W2MHQ39N9M;
				ENABLE_NS_ASSERTIONS = NO;
				ENABLE_STRICT_OBJC_MSGSEND = YES;
				ENABLE_USER_SCRIPT_SANDBOXING = YES;
				GCC_C_LANGUAGE_STANDARD = gnu17;
				GCC_NO_COMMON_BLOCKS = YES;
				GCC_WARN_64_TO_32_BIT_CONVERSION = YES;
				GCC_WARN_ABOUT_RETURN_TYPE = YES_ERROR;
				GCC_WARN_UNDECLARED_SELECTOR = YES;
				GCC_WARN_UNINITIALIZED_AUTOS = YES_AGGRESSIVE;
				GCC_WARN_UNUSED_FUNCTION = YES;
				GCC_WARN_UNUSED_VARIABLE = YES;
				IPHONEOS_DEPLOYMENT_TARGET = 26.0;
				LOCALIZATION_PREFERS_STRING_CATALOGS = YES;
				MTL_ENABLE_DEBUG_INFO = NO;
				MTL_FAST_MATH = YES;
				SDKROOT = iphoneos;
				SWIFT_COMPILATION_MODE = wholemodule;
				VALIDATE_PRODUCT = YES;
			};
			name = Release;
		};
		442CF7852DFDBBFB00A7E8DC /* Debug */ = {
			isa = XCBuildConfiguration;
			baseConfigurationReferenceAnchor = 442CF7632DFDBBFA00A7E8DC /* Periscope */;
			baseConfigurationReferenceRelativePath = Config/Debug.xcconfig;
			buildSettings = {
				ASSETCATALOG_COMPILER_APPICON_NAME = AppIcon;
				ASSETCATALOG_COMPILER_GLOBAL_ACCENT_COLOR_NAME = AccentColor;
				CODE_SIGN_STYLE = Automatic;
				CURRENT_PROJECT_VERSION = 1;
				DEVELOPMENT_TEAM = W2MHQ39N9M;
				ENABLE_PREVIEWS = YES;
				GENERATE_INFOPLIST_FILE = YES;
				INFOPLIST_FILE = Periscope/Info.plist;
				INFOPLIST_KEY_NSLocationWhenInUseUsageDescription = "We use your location to show relevant movie content near you.";
				INFOPLIST_KEY_UIApplicationSceneManifest_Generation = YES;
				INFOPLIST_KEY_UIApplicationSupportsIndirectInputEvents = YES;
				INFOPLIST_KEY_UILaunchScreen_Generation = YES;
				INFOPLIST_KEY_UISupportedInterfaceOrientations = "UIInterfaceOrientationPortrait UIInterfaceOrientationPortraitUpsideDown";
				LD_RUNPATH_SEARCH_PATHS = (
					"$(inherited)",
					"@executable_path/Frameworks",
				);
				MARKETING_VERSION = 1.0;
				PRODUCT_BUNDLE_IDENTIFIER = com.uniqlabs.Periscope;
				PRODUCT_NAME = "$(TARGET_NAME)";
				STRING_CATALOG_GENERATE_SYMBOLS = YES;
				SWIFT_DEFAULT_ACTOR_ISOLATION = MainActor;
				SWIFT_EMIT_LOC_STRINGS = YES;
				SWIFT_UPCOMING_FEATURE_MEMBER_IMPORT_VISIBILITY = YES;
				SWIFT_VERSION = 5.0;
				TARGETED_DEVICE_FAMILY = "1,2";
			};
			name = Debug;
		};
		442CF7862DFDBBFB00A7E8DC /* Release */ = {
			isa = XCBuildConfiguration;
			baseConfigurationReferenceAnchor = 442CF7632DFDBBFA00A7E8DC /* Periscope */;
			baseConfigurationReferenceRelativePath = Config/Release.xcconfig;
			buildSettings = {
				ASSETCATALOG_COMPILER_APPICON_NAME = AppIcon;
				ASSETCATALOG_COMPILER_GLOBAL_ACCENT_COLOR_NAME = AccentColor;
				CODE_SIGN_STYLE = Automatic;
				CURRENT_PROJECT_VERSION = 1;
				DEVELOPMENT_TEAM = W2MHQ39N9M;
				ENABLE_PREVIEWS = YES;
				GENERATE_INFOPLIST_FILE = YES;
				INFOPLIST_FILE = Periscope/Info.plist;
				INFOPLIST_KEY_NSLocationWhenInUseUsageDescription = "We use your location to show relevant movie content near you.";
				INFOPLIST_KEY_UIApplicationSceneManifest_Generation = YES;
				INFOPLIST_KEY_UIApplicationSupportsIndirectInputEvents = YES;
				INFOPLIST_KEY_UILaunchScreen_Generation = YES;
				INFOPLIST_KEY_UISupportedInterfaceOrientations = "UIInterfaceOrientationPortrait UIInterfaceOrientationPortraitUpsideDown";
				LD_RUNPATH_SEARCH_PATHS = (
					"$(inherited)",
					"@executable_path/Frameworks",
				);
				MARKETING_VERSION = 1.0;
				PRODUCT_BUNDLE_IDENTIFIER = com.uniqlabs.Periscope;
				PRODUCT_NAME = "$(TARGET_NAME)";
				STRING_CATALOG_GENERATE_SYMBOLS = YES;
				SWIFT_DEFAULT_ACTOR_ISOLATION = MainActor;
				SWIFT_EMIT_LOC_STRINGS = YES;
				SWIFT_UPCOMING_FEATURE_MEMBER_IMPORT_VISIBILITY = YES;
				SWIFT_VERSION = 5.0;
				TARGETED_DEVICE_FAMILY = "1,2";
			};
			name = Release;
		};
/* End XCBuildConfiguration section */

/* Begin XCConfigurationList section */
		442CF75C2DFDBBFA00A7E8DC /* Build configuration list for PBXProject "Periscope" */ = {
			isa = XCConfigurationList;
			buildConfigurations = (
				442CF7822DFDBBFB00A7E8DC /* Debug */,
				442CF7832DFDBBFB00A7E8DC /* Release */,
			);
			defaultConfigurationIsVisible = 0;
			defaultConfigurationName = Release;
		};
		442CF7842DFDBBFB00A7E8DC /* Build configuration list for PBXNativeTarget "Periscope" */ = {
			isa = XCConfigurationList;
			buildConfigurations = (
				442CF7852DFDBBFB00A7E8DC /* Debug */,
				442CF7862DFDBBFB00A7E8DC /* Release */,
			);
			defaultConfigurationIsVisible = 0;
			defaultConfigurationName = Release;
		};
/* End XCConfigurationList section */

/* Begin XCLocalSwiftPackageReference section */
		442CF78E2DFDBCD900A7E8DC /* XCLocalSwiftPackageReference "Lego" */ = {
			isa = XCLocalSwiftPackageReference;
			relativePath = Lego;
		};
/* End XCLocalSwiftPackageReference section */

/* Begin XCSwiftPackageProductDependency section */
		442CF78F2DFDBCD900A7E8DC /* Lego */ = {
			isa = XCSwiftPackageProductDependency;
			productName = Lego;
		};
		443354002E0CBF3D00E68A6D /* Routes */ = {
			isa = XCSwiftPackageProductDependency;
			productName = Routes;
		};
		446CEFF32E1AD5A600A10120 /* SearchFeature */ = {
			isa = XCSwiftPackageProductDependency;
			productName = SearchFeature;
		};
		447F95C32E1610BE0074E647 /* DetailFeature */ = {
			isa = XCSwiftPackageProductDependency;
			productName = DetailFeature;
		};
		4494321D2E135948002AC4D0 /* DataModel */ = {
			isa = XCSwiftPackageProductDependency;
			productName = DataModel;
		};
		44BE54542E0597840088BE59 /* SignInFeature */ = {
			isa = XCSwiftPackageProductDependency;
			productName = SignInFeature;
		};
		44BE54572E05BC960088BE59 /* Utils */ = {
			isa = XCSwiftPackageProductDependency;
			productName = Utils;
		};
		44BE54642E075AD10088BE59 /* HomeFeature */ = {
			isa = XCSwiftPackageProductDependency;
			productName = HomeFeature;
		};
		44E578602E058B2C00C16D91 /* AppSetup */ = {
			isa = XCSwiftPackageProductDependency;
			productName = AppSetup;
		};
/* End XCSwiftPackageProductDependency section */
	};
	rootObject = 442CF7592DFDBBFA00A7E8DC /* Project object */;
}
